
Microsoft Visual Studio Solution File, Format Version 11.00
# Visual Studio 2010
Project("{FAE04EC0-301F-11D3-BF4B-00C04F79EFBC}") = "Simulate.NET", "Simulate.NET\Simulate.NET.csproj", "{827DA341-9569-4C85-B1E4-99214BEC085A}"
EndProject
Project("{2150E333-8FDC-42A3-9474-1A3956D46DE8}") = ".nuget", ".nuget", "{500079D3-F8F0-4894-8959-F62B0C397D09}"
	ProjectSection(SolutionItems) = preProject
		.nuget\NuGet.Config = .nuget\NuGet.Config
		.nuget\NuGet.exe = .nuget\NuGet.exe
		.nuget\NuGet.targets = .nuget\NuGet.targets
	EndProjectSection
EndProject
Project("{FAE04EC0-301F-11D3-BF4B-00C04F79EFBC}") = "Simulate.NET.Tests", "Simulate.NET.Tests\Simulate.NET.Tests.csproj", "{D18CF022-1A98-4E99-BFBB-7789033E06D0}"
EndProject
Project("{FAE04EC0-301F-11D3-BF4B-00C04F79EFBC}") = "Basics.NET", "Basics.NET\Basics.NET.csproj", "{97A80A0F-3101-44B7-9821-CF8D81080296}"
EndProject
Project("{FAE04EC0-301F-11D3-BF4B-00C04F79EFBC}") = "Basics.NET.Tests", "Basics.NET.Tests\Basics.NET.Tests.csproj", "{09A3008D-B206-421B-932F-544A42536FDC}"
EndProject
Global
	GlobalSection(SolutionConfigurationPlatforms) = preSolution
		Debug|Any CPU = Debug|Any CPU
		Release|Any CPU = Release|Any CPU
	EndGlobalSection
	GlobalSection(ProjectConfigurationPlatforms) = postSolution
		{827DA341-9569-4C85-B1E4-99214BEC085A}.Debug|Any CPU.ActiveCfg = Debug|Any CPU
		{827DA341-9569-4C85-B1E4-99214BEC085A}.Debug|Any CPU.Build.0 = Debug|Any CPU
		{827DA341-9569-4C85-B1E4-99214BEC085A}.Release|Any CPU.ActiveCfg = Release|Any CPU
		{827DA341-9569-4C85-B1E4-99214BEC085A}.Release|Any CPU.Build.0 = Release|Any CPU
		{D18CF022-1A98-4E99-BFBB-7789033E06D0}.Debug|Any CPU.ActiveCfg = Debug|Any CPU
		{D18CF022-1A98-4E99-BFBB-7789033E06D0}.Debug|Any CPU.Build.0 = Debug|Any CPU
		{D18CF022-1A98-4E99-BFBB-7789033E06D0}.Release|Any CPU.ActiveCfg = Release|Any CPU
		{D18CF022-1A98-4E99-BFBB-7789033E06D0}.Release|Any CPU.Build.0 = Release|Any CPU
		{97A80A0F-3101-44B7-9821-CF8D81080296}.Debug|Any CPU.ActiveCfg = Debug|Any CPU
		{97A80A0F-3101-44B7-9821-CF8D81080296}.Debug|Any CPU.Build.0 = Debug|Any CPU
		{97A80A0F-3101-44B7-9821-CF8D81080296}.Release|Any CPU.ActiveCfg = Release|Any CPU
		{97A80A0F-3101-44B7-9821-CF8D81080296}.Release|Any CPU.Build.0 = Release|Any CPU
		{09A3008D-B206-421B-932F-544A42536FDC}.Debug|Any CPU.ActiveCfg = Debug|Any CPU
		{09A3008D-B206-421B-932F-544A42536FDC}.Debug|Any CPU.Build.0 = Debug|Any CPU
		{09A3008D-B206-421B-932F-544A42536FDC}.Release|Any CPU.ActiveCfg = Release|Any CPU
		{09A3008D-B206-421B-932F-544A42536FDC}.Release|Any CPU.Build.0 = Release|Any CPU
	EndGlobalSection
	GlobalSection(SolutionProperties) = preSolution
		HideSolutionNode = FALSE
	EndGlobalSection
EndGlobal
